
Microsoft Visual Studio Solution File, Format Version 12.00
# Visual Studio 14
VisualStudioVersion = 14.0.25420.1
MinimumVisualStudioVersion = 10.0.40219.1
Project("{FAE04EC0-301F-11D3-BF4B-00C04F79EFBC}") = "Week3", "Week3\Week3.csproj", "{4A0B1D3B-0C23-4B3C-A417-B57502CFBA49}"
EndProject
Project("{FAE04EC0-301F-11D3-BF4B-00C04F79EFBC}") = "Jan25", "Jan25\Jan25.csproj", "{E0706C7F-9D21-4E2F-93F7-A839E05E0832}"
EndProject
Project("{FAE04EC0-301F-11D3-BF4B-00C04F79EFBC}") = "Week4", "Week4\Week4.csproj", "{98889690-FB7E-4D26-8954-CC2681738085}"
EndProject
Project("{FAE04EC0-301F-11D3-BF4B-00C04F79EFBC}") = "Week5", "Week5\Week5.csproj", "{67B46B94-BC52-4D90-87EA-885A6F8FE0A6}"
EndProject
Project("{FAE04EC0-301F-11D3-BF4B-00C04F79EFBC}") = "Week6", "Week6\Week6.csproj", "{07F15878-C113-4B77-B240-6E8B5623FE1F}"
EndProject
Project("{FAE04EC0-301F-11D3-BF4B-00C04F79EFBC}") = "Week8", "Week8\Week8.csproj", "{7CA989E8-03F7-4DDD-B2F0-997E149AF3CD}"
EndProject
Project("{FAE04EC0-301F-11D3-BF4B-00C04F79EFBC}") = "Week10", "Week10\Week10.csproj", "{069CFFB0-53D3-4E1F-810D-9EEEAA7C6153}"
EndProject
Project("{FAE04EC0-301F-11D3-BF4B-00C04F79EFBC}") = "Week11", "Week11\Week11.csproj", "{7827DFE3-DED0-40D3-BAC7-495CE10C236F}"
EndProject
Project("{FAE04EC0-301F-11D3-BF4B-00C04F79EFBC}") = "Week13", "Week13\Week13.csproj", "{AE0B20DB-ED09-48DE-AB52-34C8447328A3}"
EndProject
Project("{FAE04EC0-301F-11D3-BF4B-00C04F79EFBC}") = "LINQ", "LINQ\LINQ.csproj", "{89162D1E-880D-482E-BAF1-09BA7959FAE9}"
EndProject
Global
	GlobalSection(SolutionConfigurationPlatforms) = preSolution
		Debug|Any CPU = Debug|Any CPU
		Release|Any CPU = Release|Any CPU
	EndGlobalSection
	GlobalSection(ProjectConfigurationPlatforms) = postSolution
		{4A0B1D3B-0C23-4B3C-A417-B57502CFBA49}.Debug|Any CPU.ActiveCfg = Debug|Any CPU
		{4A0B1D3B-0C23-4B3C-A417-B57502CFBA49}.Debug|Any CPU.Build.0 = Debug|Any CPU
		{4A0B1D3B-0C23-4B3C-A417-B57502CFBA49}.Release|Any CPU.ActiveCfg = Release|Any CPU
		{4A0B1D3B-0C23-4B3C-A417-B57502CFBA49}.Release|Any CPU.Build.0 = Release|Any CPU
		{E0706C7F-9D21-4E2F-93F7-A839E05E0832}.Debug|Any CPU.ActiveCfg = Debug|Any CPU
		{E0706C7F-9D21-4E2F-93F7-A839E05E0832}.Debug|Any CPU.Build.0 = Debug|Any CPU
		{E0706C7F-9D21-4E2F-93F7-A839E05E0832}.Release|Any CPU.ActiveCfg = Release|Any CPU
		{E0706C7F-9D21-4E2F-93F7-A839E05E0832}.Release|Any CPU.Build.0 = Release|Any CPU
		{98889690-FB7E-4D26-8954-CC2681738085}.Debug|Any CPU.ActiveCfg = Debug|Any CPU
		{98889690-FB7E-4D26-8954-CC2681738085}.Debug|Any CPU.Build.0 = Debug|Any CPU
		{98889690-FB7E-4D26-8954-CC2681738085}.Release|Any CPU.ActiveCfg = Release|Any CPU
		{98889690-FB7E-4D26-8954-CC2681738085}.Release|Any CPU.Build.0 = Release|Any CPU
		{67B46B94-BC52-4D90-87EA-885A6F8FE0A6}.Debug|Any CPU.ActiveCfg = Debug|Any CPU
		{67B46B94-BC52-4D90-87EA-885A6F8FE0A6}.Debug|Any CPU.Build.0 = Debug|Any CPU
		{67B46B94-BC52-4D90-87EA-885A6F8FE0A6}.Release|Any CPU.ActiveCfg = Release|Any CPU
		{67B46B94-BC52-4D90-87EA-885A6F8FE0A6}.Release|Any CPU.Build.0 = Release|Any CPU
		{07F15878-C113-4B77-B240-6E8B5623FE1F}.Debug|Any CPU.ActiveCfg = Debug|Any CPU
		{07F15878-C113-4B77-B240-6E8B5623FE1F}.Debug|Any CPU.Build.0 = Debug|Any CPU
		{07F15878-C113-4B77-B240-6E8B5623FE1F}.Release|Any CPU.ActiveCfg = Release|Any CPU
		{07F15878-C113-4B77-B240-6E8B5623FE1F}.Release|Any CPU.Build.0 = Release|Any CPU
		{7CA989E8-03F7-4DDD-B2F0-997E149AF3CD}.Debug|Any CPU.ActiveCfg = Debug|Any CPU
		{7CA989E8-03F7-4DDD-B2F0-997E149AF3CD}.Debug|Any CPU.Build.0 = Debug|Any CPU
		{7CA989E8-03F7-4DDD-B2F0-997E149AF3CD}.Release|Any CPU.ActiveCfg = Release|Any CPU
		{7CA989E8-03F7-4DDD-B2F0-997E149AF3CD}.Release|Any CPU.Build.0 = Release|Any CPU
		{069CFFB0-53D3-4E1F-810D-9EEEAA7C6153}.Debug|Any CPU.ActiveCfg = Debug|Any CPU
		{069CFFB0-53D3-4E1F-810D-9EEEAA7C6153}.Debug|Any CPU.Build.0 = Debug|Any CPU
		{069CFFB0-53D3-4E1F-810D-9EEEAA7C6153}.Release|Any CPU.ActiveCfg = Release|Any CPU
		{069CFFB0-53D3-4E1F-810D-9EEEAA7C6153}.Release|Any CPU.Build.0 = Release|Any CPU
		{7827DFE3-DED0-40D3-BAC7-495CE10C236F}.Debug|Any CPU.ActiveCfg = Debug|Any CPU
		{7827DFE3-DED0-40D3-BAC7-495CE10C236F}.Debug|Any CPU.Build.0 = Debug|Any CPU
		{7827DFE3-DED0-40D3-BAC7-495CE10C236F}.Release|Any CPU.ActiveCfg = Release|Any CPU
		{7827DFE3-DED0-40D3-BAC7-495CE10C236F}.Release|Any CPU.Build.0 = Release|Any CPU
		{AE0B20DB-ED09-48DE-AB52-34C8447328A3}.Debug|Any CPU.ActiveCfg = Debug|Any CPU
		{AE0B20DB-ED09-48DE-AB52-34C8447328A3}.Debug|Any CPU.Build.0 = Debug|Any CPU
		{AE0B20DB-ED09-48DE-AB52-34C8447328A3}.Release|Any CPU.ActiveCfg = Release|Any CPU
		{AE0B20DB-ED09-48DE-AB52-34C8447328A3}.Release|Any CPU.Build.0 = Release|Any CPU
		{89162D1E-880D-482E-BAF1-09BA7959FAE9}.Debug|Any CPU.ActiveCfg = Debug|Any CPU
		{89162D1E-880D-482E-BAF1-09BA7959FAE9}.Debug|Any CPU.Build.0 = Debug|Any CPU
		{89162D1E-880D-482E-BAF1-09BA7959FAE9}.Release|Any CPU.ActiveCfg = Release|Any CPU
		{89162D1E-880D-482E-BAF1-09BA7959FAE9}.Release|Any CPU.Build.0 = Release|Any CPU
	EndGlobalSection
	GlobalSection(SolutionProperties) = preSolution
		HideSolutionNode = FALSE
	EndGlobalSection
EndGlobal
